{"format_version":"1.0","provider_schemas":{"registry.terraform.io/itera-io/taikun":{"provider":{"version":0,"block":{"attributes":{"api_host":{"type":"string","description":"Custom Taikun API host.","description_kind":"markdown","optional":true},"email":{"type":"string","description":"Taikun email. Conflicts with: `keycloak_email`. Required with: `password`.","description_kind":"markdown","optional":true},"keycloak_email":{"type":"string","description":"Taikun Keycloak email. Conflicts with: `email`. Required with: `keycloak_password`.","description_kind":"markdown","optional":true},"keycloak_password":{"type":"string","description":"Taikun Keycloak password. Conflicts with: `password`. Required with: `keycloak_email`.","description_kind":"markdown","optional":true,"sensitive":true},"password":{"type":"string","description":"Taikun password. Conflicts with: `keycloak_password`. Required with: `email`.","description_kind":"markdown","optional":true,"sensitive":true}},"description_kind":"plain"}},"resource_schemas":{"taikun_access_profile":{"version":0,"block":{"attributes":{"created_by":{"type":"string","description":"The creator of the access profile.","description_kind":"markdown","computed":true},"http_proxy":{"type":"string","description":"HTTP proxy of the access profile.","description_kind":"markdown","optional":true},"id":{"type":"string","description":"The ID of the access profile.","description_kind":"markdown","computed":true},"last_modified":{"type":"string","description":"The time and date of last modification.","description_kind":"markdown","computed":true},"last_modified_by":{"type":"string","description":"The last user to have modified the profile.","description_kind":"markdown","computed":true},"lock":{"type":"bool","description":"Indicates whether to lock the access profile. Defaults to `false`.","description_kind":"markdown","optional":true},"name":{"type":"string","description":"The name of the access profile.","description_kind":"markdown","required":true},"organization_id":{"type":"string","description":"The ID of the organization which owns the access profile.","description_kind":"markdown","optional":true,"computed":true},"organization_name":{"type":"string","description":"The name of the organization which owns the access profile.","description_kind":"markdown","computed":true}},"block_types":{"allowed_host":{"nesting_mode":"list","block":{"attributes":{"address":{"type":"string","description":"IPv4 address of the host","description_kind":"markdown","required":true},"description":{"type":"string","description":"Description of the host.","description_kind":"markdown","required":true},"id":{"type":"string","description":"ID of the host.","description_kind":"markdown","computed":true},"mask_bits":{"type":"number","description":"Number of bits in the network mask.","description_kind":"markdown","required":true}},"description":"List of allowed hosts.","description_kind":"markdown"}},"dns_server":{"nesting_mode":"list","block":{"attributes":{"address":{"type":"string","description":"Address of the DNS server.","description_kind":"markdown","required":true},"id":{"type":"string","description":"ID of the DNS server.","description_kind":"markdown","computed":true}},"description":"List of DNS servers.","description_kind":"markdown"},"max_items":2},"ntp_server":{"nesting_mode":"list","block":{"attributes":{"address":{"type":"string","description":"Address of the NTP server.","description_kind":"markdown","required":true},"id":{"type":"string","description":"ID of the NTP server.","description_kind":"markdown","computed":true}},"description":"List of NTP servers.","description_kind":"markdown"},"max_items":2},"ssh_user":{"nesting_mode":"list","block":{"attributes":{"id":{"type":"string","description":"ID of the SSH user.","description_kind":"markdown","computed":true},"name":{"type":"string","description":"Name of the SSH user.","description_kind":"markdown","required":true},"public_key":{"type":"string","description":"Public key of the SSH user.","description_kind":"markdown","required":true}},"description":"List of SSH users.","description_kind":"markdown"}}},"description":"Taikun Access Profile","description_kind":"markdown"}},"taikun_alerting_profile":{"version":0,"block":{"attributes":{"created_by":{"type":"string","description":"The creator of the alerting profile.","description_kind":"markdown","computed":true},"emails":{"type":["list","string"],"description":"The list of emails to notify.","description_kind":"markdown","optional":true,"computed":true},"id":{"type":"string","description":"The alerting profile's ID.","description_kind":"markdown","computed":true},"last_modified":{"type":"string","description":"The time and date of last modification.","description_kind":"markdown","computed":true},"last_modified_by":{"type":"string","description":"The last user to have modified the profile.","description_kind":"markdown","computed":true},"lock":{"type":"bool","description":"Indicates whether to lock the profile. Defaults to `false`.","description_kind":"markdown","optional":true},"name":{"type":"string","description":"The alerting profile's name.","description_kind":"markdown","required":true},"organization_id":{"type":"string","description":"The ID of the organization which owns the profile.","description_kind":"markdown","optional":true,"computed":true},"organization_name":{"type":"string","description":"The name of the organization which owns the profile.","description_kind":"markdown","computed":true},"reminder":{"type":"string","description":"The frequency of notifications: `HalfHour`, `Hourly`, `Daily` or `None`.","description_kind":"markdown","required":true},"slack_configuration_id":{"type":"string","description":"The ID of the Slack configuration to notify. Defaults to `0`.","description_kind":"markdown","optional":true},"slack_configuration_name":{"type":"string","description":"The name of the Slack configuration to notify.","description_kind":"markdown","computed":true}},"block_types":{"integration":{"nesting_mode":"list","block":{"attributes":{"id":{"type":"string","description":"The alerting integration's ID.","description_kind":"markdown","computed":true},"token":{"type":"string","description":"The token (required by Opsgenie, Pagerduty and Splunk). Defaults to ` `.","description_kind":"markdown","optional":true},"type":{"type":"string","description":"The type of integration: `Opsgenie`, `Pagerduty`, `Splunk` or `MicrosoftTeams`.","description_kind":"markdown","required":true},"url":{"type":"string","description":"The alerting integration's URL.","description_kind":"markdown","required":true}},"description":"List of alerting integrations.","description_kind":"markdown"}},"webhook":{"nesting_mode":"set","block":{"attributes":{"url":{"type":"string","description":"The webhook URL.","description_kind":"markdown","required":true}},"block_types":{"header":{"nesting_mode":"set","block":{"attributes":{"key":{"type":"string","description":"The header key.","description_kind":"markdown","required":true},"value":{"type":"string","description":"The header value.","description_kind":"markdown","required":true}},"description":"The list of headers.","description_kind":"markdown"}}},"description":"The list of webhooks to notify.","description_kind":"markdown"}}},"description":"Taikun Alerting Profile","description_kind":"markdown"}},"taikun_backup_credential":{"version":0,"block":{"attributes":{"created_by":{"type":"string","description":"The creator of the backup credential.","description_kind":"markdown","computed":true},"id":{"type":"string","description":"The ID of the backup credential.","description_kind":"markdown","computed":true},"is_default":{"type":"bool","description":"Indicates whether the backup credential is the organization's default.","description_kind":"markdown","computed":true},"last_modified":{"type":"string","description":"Time and date of last modification.","description_kind":"markdown","computed":true},"last_modified_by":{"type":"string","description":"The last user to have modified the backup credential.","description_kind":"markdown","computed":true},"lock":{"type":"bool","description":"Indicates whether to lock the backup credential. Defaults to `false`.","description_kind":"markdown","optional":true},"name":{"type":"string","description":"The name of the backup credential.","description_kind":"markdown","required":true},"organization_id":{"type":"string","description":"The ID of the organization which owns the backup credential.","description_kind":"markdown","optional":true,"computed":true},"organization_name":{"type":"string","description":"The name of the organization which owns the backup credential.","description_kind":"markdown","computed":true},"s3_access_key_id":{"type":"string","description":"The S3 access key ID.","description_kind":"markdown","required":true},"s3_endpoint":{"type":"string","description":"The S3 endpoint URL.","description_kind":"markdown","required":true},"s3_region":{"type":"string","description":"The S3 region.","description_kind":"markdown","required":true},"s3_secret_access_key":{"type":"string","description":"The S3 secret access key.","description_kind":"markdown","required":true,"sensitive":true}},"description":"Taikun Backup Credential","description_kind":"markdown"}},"taikun_backup_policy":{"version":0,"block":{"attributes":{"cron_period":{"type":"string","description":"Frequency of backups.","description_kind":"markdown","required":true},"excluded_namespaces":{"type":["list","string"],"description":"Namespaces excluded from the backups.","description_kind":"markdown","optional":true,"computed":true},"id":{"type":"string","description_kind":"plain","optional":true,"computed":true},"included_namespaces":{"type":["list","string"],"description":"Namespaces included in the backups.","description_kind":"markdown","optional":true,"computed":true},"name":{"type":"string","description":"The name of the backup policy.","description_kind":"markdown","required":true},"phase":{"type":"string","description":"The phase of the backup policy.","description_kind":"markdown","computed":true},"project_id":{"type":"string","description":"The ID of the project.","description_kind":"markdown","required":true},"retention_period":{"type":"string","description":"How long to store the backups. Defaults to `720h`.","description_kind":"markdown","optional":true}},"description":"Taikun Backup Policy","description_kind":"markdown"}},"taikun_billing_credential":{"version":0,"block":{"attributes":{"created_by":{"type":"string","description":"The creator of the billing credential.","description_kind":"markdown","computed":true},"id":{"type":"string","description":"The ID of the billing credential.","description_kind":"markdown","computed":true},"is_default":{"type":"bool","description":"Indicates whether the billing credential is the organization's default.","description_kind":"markdown","computed":true},"last_modified":{"type":"string","description":"Time and date of last modification.","description_kind":"markdown","computed":true},"last_modified_by":{"type":"string","description":"The last user to have modified the billing credential.","description_kind":"markdown","computed":true},"lock":{"type":"bool","description":"Indicates whether to lock the billing credential. Defaults to `false`.","description_kind":"markdown","optional":true},"name":{"type":"string","description":"The name of the billing credential.","description_kind":"markdown","required":true},"organization_id":{"type":"string","description":"The ID of the organization which owns the billing credential.","description_kind":"markdown","optional":true,"computed":true},"organization_name":{"type":"string","description":"The name of the organization which owns the billing credential.","description_kind":"markdown","computed":true},"prometheus_password":{"type":"string","description":"The Prometheus password.","description_kind":"markdown","required":true,"sensitive":true},"prometheus_url":{"type":"string","description":"The Prometheus URL.","description_kind":"markdown","required":true},"prometheus_username":{"type":"string","description":"The Prometheus username.","description_kind":"markdown","required":true}},"description":"Taikun Billing Credential","description_kind":"markdown"}},"taikun_billing_rule":{"version":0,"block":{"attributes":{"billing_credential_id":{"type":"string","description":"ID of the billing credential.","description_kind":"markdown","required":true},"created_by":{"type":"string","description":"The creator of the billing rule.","description_kind":"markdown","computed":true},"id":{"type":"string","description":"The ID of the billing rule.","description_kind":"markdown","computed":true},"last_modified":{"type":"string","description":"Time and date of last modification.","description_kind":"markdown","computed":true},"last_modified_by":{"type":"string","description":"The last user to have modified the billing rule.","description_kind":"markdown","computed":true},"metric_name":{"type":"string","description":"The name of the Prometheus metric (e.g. volumes, flavors, networks) to bill.","description_kind":"markdown","required":true},"name":{"type":"string","description":"The name of the billing rule.","description_kind":"markdown","required":true},"price":{"type":"number","description":"The price in CZK per selected unit.","description_kind":"markdown","required":true},"type":{"type":"string","description":"The type of billing rule: `Count` (calculate package as unit) or `Sum` (calculate per quantity).","description_kind":"markdown","required":true}},"block_types":{"label":{"nesting_mode":"set","block":{"attributes":{"id":{"type":"string","description":"ID of the label.","description_kind":"markdown","computed":true},"key":{"type":"string","description":"Key of the label.","description_kind":"markdown","required":true},"value":{"type":"string","description":"Value of the label.","description_kind":"markdown","required":true}},"description":"Labels linked to the billing rule.","description_kind":"markdown"},"min_items":1}},"description":"Taikun Billing Rule","description_kind":"markdown"}},"taikun_cloud_credential_aws":{"version":0,"block":{"attributes":{"access_key_id":{"type":"string","description":"The AWS access key ID.","description_kind":"markdown","required":true,"sensitive":true},"availability_zone":{"type":"string","description":"The AWS availability zone for the region.","description_kind":"markdown","required":true},"created_by":{"type":"string","description":"The creator of the AWS cloud credential.","description_kind":"markdown","computed":true},"id":{"type":"string","description":"The ID of the AWS cloud credential.","description_kind":"markdown","computed":true},"is_default":{"type":"bool","description":"Indicates whether the AWS cloud credential is the default one.","description_kind":"markdown","computed":true},"last_modified":{"type":"string","description":"Time and date of last modification.","description_kind":"markdown","computed":true},"last_modified_by":{"type":"string","description":"The last user to have modified the AWS cloud credential.","description_kind":"markdown","computed":true},"lock":{"type":"bool","description":"Indicates whether to lock the AWS cloud credential. Defaults to `false`.","description_kind":"markdown","optional":true},"name":{"type":"string","description":"The name of the AWS cloud credential.","description_kind":"markdown","required":true},"organization_id":{"type":"string","description":"The ID of the organization which owns the AWS cloud credential.","description_kind":"markdown","optional":true,"computed":true},"organization_name":{"type":"string","description":"The name of the organization which owns the AWS cloud credential.","description_kind":"markdown","computed":true},"region":{"type":"string","description":"The AWS region.","description_kind":"markdown","required":true},"secret_access_key":{"type":"string","description":"The AWS secret access key.","description_kind":"markdown","required":true,"sensitive":true}},"description":"Taikun AWS Cloud Credential","description_kind":"markdown"}},"taikun_cloud_credential_azure":{"version":0,"block":{"attributes":{"availability_zone":{"type":"string","description":"The Azure availability zone for the location.","description_kind":"markdown","required":true},"client_id":{"type":"string","description":"The Azure client ID.","description_kind":"markdown","required":true,"sensitive":true},"client_secret":{"type":"string","description":"The Azure client secret.","description_kind":"markdown","required":true,"sensitive":true},"created_by":{"type":"string","description":"The creator of the Azure cloud credential.","description_kind":"markdown","computed":true},"id":{"type":"string","description":"The ID of the Azure cloud credential.","description_kind":"markdown","computed":true},"is_default":{"type":"bool","description":"Indicates whether the Azure cloud credential is the default one.","description_kind":"markdown","computed":true},"last_modified":{"type":"string","description":"Time and date of last modification.","description_kind":"markdown","computed":true},"last_modified_by":{"type":"string","description":"The last user to have modified the Azure cloud credential.","description_kind":"markdown","computed":true},"location":{"type":"string","description":"The Azure location.","description_kind":"markdown","required":true},"lock":{"type":"bool","description":"Indicates whether to lock the Azure cloud credential. Defaults to `false`.","description_kind":"markdown","optional":true},"name":{"type":"string","description":"The name of the Azure cloud credential.","description_kind":"markdown","required":true},"organization_id":{"type":"string","description":"The ID of the organization which owns the Azure cloud credential.","description_kind":"markdown","optional":true,"computed":true},"organization_name":{"type":"string","description":"The name of the organization which owns the Azure cloud credential.","description_kind":"markdown","computed":true},"subscription_id":{"type":"string","description":"The Azure subscription ID.","description_kind":"markdown","required":true},"tenant_id":{"type":"string","description":"The Azure tenant ID.","description_kind":"markdown","required":true}},"description":"Taikun Azure Cloud Credential","description_kind":"markdown"}},"taikun_cloud_credential_gcp":{"version":0,"block":{"attributes":{"billing_account_id":{"type":"string","description":"The ID of the GCP credential's billing account. Conflicts with: `import_project`.","description_kind":"markdown","optional":true},"billing_account_name":{"type":"string","description":"The name of the GCP credential's billing account.","description_kind":"markdown","computed":true},"config_file":{"type":"string","description":"The path of the GCP credential's configuration file.","description_kind":"markdown","required":true},"folder_id":{"type":"string","description":"The folder ID of the GCP credential. Conflicts with: `import_project`.","description_kind":"markdown","optional":true},"id":{"type":"string","description":"The ID of the GCP credential.","description_kind":"markdown","computed":true},"import_project":{"type":"bool","description":"Whether to import a project or not Defaults to `false`. Conflicts with: `billing_account_id`, `folder_id`.","description_kind":"markdown","optional":true},"is_default":{"type":"bool","description":"Indicates whether the GCP cloud credential is the default one.","description_kind":"markdown","computed":true},"lock":{"type":"bool","description":"Indicates whether to lock the GCP cloud credential. Defaults to `false`.","description_kind":"markdown","optional":true},"name":{"type":"string","description":"The name of the GCP credential.","description_kind":"markdown","required":true},"organization_id":{"type":"string","description":"The ID of the organization which owns the GCP credential.","description_kind":"markdown","optional":true,"computed":true},"organization_name":{"type":"string","description":"The name of the organization which owns the GCP credential.","description_kind":"markdown","computed":true},"region":{"type":"string","description":"The region of the GCP credential.","description_kind":"markdown","required":true},"zone":{"type":"string","description":"The zone of the GCP credential.","description_kind":"markdown","required":true}},"description":"Taikun Google Cloud Platform Credential","description_kind":"markdown"}},"taikun_cloud_credential_openstack":{"version":0,"block":{"attributes":{"availability_zone":{"type":"string","description":"The OpenStack availability zone.","description_kind":"markdown","optional":true},"created_by":{"type":"string","description":"The creator of the OpenStack cloud credential.","description_kind":"markdown","computed":true},"domain":{"type":"string","description":"The OpenStack domain.","description_kind":"markdown","required":true},"id":{"type":"string","description":"The ID of the OpenStack cloud credential.","description_kind":"markdown","computed":true},"imported_network_subnet_id":{"type":"string","description":"The OpenStack network subnet ID to import a network.","description_kind":"markdown","optional":true},"is_default":{"type":"bool","description":"Indicates whether the OpenStack cloud credential is the default one.","description_kind":"markdown","computed":true},"last_modified":{"type":"string","description":"Time and date of last modification.","description_kind":"markdown","computed":true},"last_modified_by":{"type":"string","description":"The last user to have modified the OpenStack cloud credential.","description_kind":"markdown","computed":true},"lock":{"type":"bool","description":"Indicates whether to lock the OpenStack cloud credential. Defaults to `false`.","description_kind":"markdown","optional":true},"name":{"type":"string","description":"The name of the OpenStack cloud credential.","description_kind":"markdown","required":true},"organization_id":{"type":"string","description":"The ID of the organization which owns the OpenStack cloud credential.","description_kind":"markdown","optional":true,"computed":true},"organization_name":{"type":"string","description":"The name of the organization which owns the OpenStack cloud credential.","description_kind":"markdown","computed":true},"password":{"type":"string","description":"The OpenStack password.","description_kind":"markdown","required":true,"sensitive":true},"project_id":{"type":"string","description":"The OpenStack project ID.","description_kind":"markdown","computed":true},"project_name":{"type":"string","description":"The OpenStack project name.","description_kind":"markdown","required":true},"public_network_name":{"type":"string","description":"The name of the public OpenStack network to use.","description_kind":"markdown","required":true},"region":{"type":"string","description":"The OpenStack region.","description_kind":"markdown","required":true},"url":{"type":"string","description":"The OpenStack authentication URL.","description_kind":"markdown","required":true},"user":{"type":"string","description":"The OpenStack user.","description_kind":"markdown","required":true},"volume_type_name":{"type":"string","description":"The OpenStack type of volume.","description_kind":"markdown","optional":true}},"description":"Taikun OpenStack Cloud Credential","description_kind":"markdown"}},"taikun_kubeconfig":{"version":0,"block":{"attributes":{"access_scope":{"type":"string","description":"Who can use the kubeconfig: `personal` (only you), `managers` (managers only) or `all` (all users with access to this project).","description_kind":"markdown","required":true},"content":{"type":"string","description":"Content of the kubeconfig's YAML file.","description_kind":"markdown","computed":true,"sensitive":true},"id":{"type":"string","description":"The kubeconfig's ID.","description_kind":"markdown","computed":true},"name":{"type":"string","description":"The kubeconfig's name.","description_kind":"markdown","required":true},"namespace":{"type":"string","description":"The kubeconfig's namespace.","description_kind":"markdown","optional":true},"project_id":{"type":"string","description":"ID of the kubeconfig's project.","description_kind":"markdown","required":true},"project_name":{"type":"string","description":"Name of the kubeconfig's project.","description_kind":"markdown","computed":true},"role":{"type":"string","description":"The kubeconfig's role: `cluster-admin`, `admin`, `edit` or `view`.","description_kind":"markdown","required":true},"user_id":{"type":"string","description":"ID of the kubeconfig's user, if the kubeconfig is personal.","description_kind":"markdown","optional":true,"computed":true},"validity_period":{"type":"number","description":"The kubeconfig's validity period in minutes. Unlimited (-1) by default. Defaults to `-1`.","description_kind":"markdown","optional":true}},"description":"Taikun Kubeconfig","description_kind":"markdown"}},"taikun_kubernetes_profile":{"version":0,"block":{"attributes":{"bastion_proxy":{"type":"bool","description":"Whether to expose the Service on each Node's IP at a static port, the NodePort. You'll be able to contact the NodePort Service, from outside the cluster, by requesting `\u003cNodeIP\u003e:\u003cNodePort\u003e`. Defaults to `false`.","description_kind":"markdown","optional":true},"cni":{"type":"string","description":"Container Network Interface (CNI) of the Kubernetes profile.","description_kind":"markdown","computed":true},"created_by":{"type":"string","description":"The creator of the Kubernetes profile.","description_kind":"markdown","computed":true},"id":{"type":"string","description":"The ID of the Kubernetes profile.","description_kind":"markdown","computed":true},"last_modified":{"type":"string","description":"Time and date of last modification.","description_kind":"markdown","computed":true},"last_modified_by":{"type":"string","description":"The last user to have modified the Kubernetes profile.","description_kind":"markdown","computed":true},"load_balancing_solution":{"type":"string","description":"The load-balancing solution: `None`, `Octavia` or `Taikun`. `Octavia` and `Taikun` are only available for OpenStack cloud. Defaults to `Octavia`.","description_kind":"markdown","optional":true},"lock":{"type":"bool","description":"Indicates whether to lock the Kubernetes profile. Defaults to `false`.","description_kind":"markdown","optional":true},"name":{"type":"string","description":"The name of the Kubernetes profile.","description_kind":"markdown","required":true},"organization_id":{"type":"string","description":"The ID of the organization which owns the Kubernetes profile.","description_kind":"markdown","optional":true,"computed":true},"organization_name":{"type":"string","description":"The name of the organization which owns the Kubernetes profile.","description_kind":"markdown","computed":true},"schedule_on_master":{"type":"bool","description":"When enabled, the workload will also run on master nodes (not recommended). Defaults to `false`.","description_kind":"markdown","optional":true},"unique_cluster_name":{"type":"bool","description":"If not enabled, the cluster name will be cluster.local. Defaults to `true`.","description_kind":"markdown","optional":true}},"description":"Taikun Kubernetes Profile","description_kind":"markdown"}},"taikun_organization":{"version":0,"block":{"attributes":{"address":{"type":"string","description":"Address.","description_kind":"markdown","optional":true},"billing_email":{"type":"string","description":"Billing email.","description_kind":"markdown","optional":true},"city":{"type":"string","description":"City.","description_kind":"markdown","optional":true},"country":{"type":"string","description":"Country.","description_kind":"markdown","optional":true},"created_at":{"type":"string","description":"Time and date of creation.","description_kind":"markdown","computed":true},"discount_rate":{"type":"number","description":"Discount rate, must be between 0 and 100 (included). Defaults to `100`.","description_kind":"markdown","optional":true},"email":{"type":"string","description":"Email.","description_kind":"markdown","optional":true},"full_name":{"type":"string","description":"Full name.","description_kind":"markdown","required":true},"id":{"type":"string","description":"Organization's ID.","description_kind":"markdown","computed":true},"is_read_only":{"type":"bool","description":"Whether the organization is in read-only mode.","description_kind":"markdown","computed":true},"lock":{"type":"bool","description":"Indicates whether to lock the organization. Defaults to `false`.","description_kind":"markdown","optional":true},"managers_can_change_subscription":{"type":"bool","description":"Allow subscription to be changed by managers. Defaults to `true`.","description_kind":"markdown","optional":true},"name":{"type":"string","description":"Organization's name.","description_kind":"markdown","required":true},"partner_id":{"type":"string","description":"ID of the organization's partner.","description_kind":"markdown","computed":true},"partner_name":{"type":"string","description":"Name of the organization's partner.","description_kind":"markdown","computed":true},"phone":{"type":"string","description":"Phone number.","description_kind":"markdown","optional":true},"vat_number":{"type":"string","description":"VAT number.","description_kind":"markdown","optional":true}},"description":"Taikun Organization","description_kind":"markdown"}},"taikun_organization_billing_rule_attachment":{"version":0,"block":{"attributes":{"billing_rule_id":{"type":"string","description":"ID of the billing rule.","description_kind":"markdown","required":true},"discount_rate":{"type":"number","description":"Discount rate in percents (0-100 %). Defaults to `100`.","description_kind":"markdown","optional":true},"id":{"type":"string","description_kind":"plain","optional":true,"computed":true},"organization_id":{"type":"string","description":"ID of the organisation.","description_kind":"markdown","required":true},"organization_name":{"type":"string","description":"Name of the organisation.","description_kind":"markdown","computed":true}},"description":"Taikun Organization - Billing Rule Attachment","description_kind":"markdown"}},"taikun_policy_profile":{"version":0,"block":{"attributes":{"allowed_repos":{"type":["set","string"],"description":"Requires container images to begin with a string from the specified list.","description_kind":"markdown","optional":true,"computed":true},"forbid_http_ingress":{"type":"bool","description":"Requires Ingress resources to be HTTPS only. Defaults to `false`.","description_kind":"markdown","optional":true},"forbid_node_port":{"type":"bool","description":"Disallows all Services with type NodePort. Defaults to `false`.","description_kind":"markdown","optional":true},"forbidden_tags":{"type":["set","string"],"description":"Container images must have an image tag different from the ones in the list.","description_kind":"markdown","optional":true,"computed":true},"id":{"type":"string","description":"The ID of the Policy profile.","description_kind":"markdown","computed":true},"ingress_whitelist":{"type":["set","string"],"description":"List of allowed Ingress rule hosts.","description_kind":"markdown","optional":true,"computed":true},"is_default":{"type":"bool","description":"Indicates whether the Policy Profile is the default one.","description_kind":"markdown","computed":true},"lock":{"type":"bool","description":"Indicates whether to lock the Policy profile. Defaults to `false`.","description_kind":"markdown","optional":true},"name":{"type":"string","description":"The name of the Policy profile.","description_kind":"markdown","required":true},"organization_id":{"type":"string","description":"The ID of the organization which owns the Policy profile.","description_kind":"markdown","optional":true,"computed":true},"organization_name":{"type":"string","description":"The name of the organization which owns the Policy profile.","description_kind":"markdown","computed":true},"require_probe":{"type":"bool","description":"Requires Pods to have readiness and liveness probes. Defaults to `false`.","description_kind":"markdown","optional":true},"unique_ingress":{"type":"bool","description":"Requires all Ingress rule hosts to be unique. Defaults to `false`.","description_kind":"markdown","optional":true},"unique_service_selector":{"type":"bool","description":"Whether services must have globally unique service selectors or not. Defaults to `false`.","description_kind":"markdown","optional":true}},"description":"Taikun Policy Profile","description_kind":"markdown"}},"taikun_project":{"version":0,"block":{"attributes":{"access_ip":{"type":"string","description":"Public IP address of the bastion.","description_kind":"markdown","computed":true},"access_profile_id":{"type":"string","description":"ID of the project's access profile. Defaults to the default access profile of the project's organization.","description_kind":"markdown","optional":true,"computed":true},"alerting_profile_id":{"type":"string","description":"ID of the project's alerting profile.","description_kind":"markdown","optional":true},"alerting_profile_name":{"type":"string","description":"Name of the project's alerting profile.","description_kind":"markdown","computed":true},"auto_upgrade":{"type":"bool","description":"If enabled, the Kubespray version will be automatically upgraded when a new version is available. Defaults to `false`.","description_kind":"markdown","optional":true},"backup_credential_id":{"type":"string","description":"ID of the backup credential. If unspecified, backups are disabled.","description_kind":"markdown","optional":true},"cloud_credential_id":{"type":"string","description":"ID of the cloud credential used to create the project's servers.","description_kind":"markdown","required":true},"delete_on_expiration":{"type":"bool","description":"If enabled, the project will be deleted on the expiration date and it will not be possible to recover it. Defaults to `false`. Required with: `expiration_date`.","description_kind":"markdown","optional":true},"expiration_date":{"type":"string","description":"Project's expiration date in the format: 'dd/mm/yyyy'.","description_kind":"markdown","optional":true},"flavors":{"type":["set","string"],"description":"List of flavors bound to the project.","description_kind":"markdown","optional":true},"id":{"type":"string","description":"Project ID.","description_kind":"markdown","computed":true},"images":{"type":["set","string"],"description":"List of images bound to the project.","description_kind":"markdown","optional":true},"kubernetes_profile_id":{"type":"string","description":"ID of the project's Kubernetes profile. Defaults to the default Kubernetes profile of the project's organization.","description_kind":"markdown","optional":true,"computed":true},"kubernetes_version":{"type":"string","description":"Kubernetes Version at project creation. Use the meta-argument `ignore_changes` to ignore future upgrades.","description_kind":"markdown","optional":true,"computed":true},"lock":{"type":"bool","description":"Indicates whether to lock the project. Defaults to `false`.","description_kind":"markdown","optional":true},"monitoring":{"type":"bool","description":"Kubernetes cluster monitoring. Defaults to `false`.","description_kind":"markdown","optional":true},"name":{"type":"string","description":"Project name.","description_kind":"markdown","required":true},"organization_id":{"type":"string","description":"ID of the organization which owns the project.","description_kind":"markdown","optional":true,"computed":true},"policy_profile_id":{"type":"string","description":"ID of the Policy profile. If unspecified, Gatekeeper is disabled.","description_kind":"markdown","optional":true},"quota_cpu_units":{"type":"number","description":"Maximum CPU units. Defaults to `1000000`.","description_kind":"markdown","optional":true},"quota_disk_size":{"type":"number","description":"Maximum disk size in GBs. Defaults to `102400`.","description_kind":"markdown","optional":true},"quota_ram_size":{"type":"number","description":"Maximum RAM size in GBs. Defaults to `102400`.","description_kind":"markdown","optional":true},"quota_vm_cpu_units":{"type":"number","description":"Maximum CPU units for standalone VMs. Defaults to `1000000`.","description_kind":"markdown","optional":true},"quota_vm_ram_size":{"type":"number","description":"Maximum RAM size in GBs for standalone VMs. Defaults to `102400`.","description_kind":"markdown","optional":true},"quota_vm_volume_size":{"type":"number","description":"Maximum volume size in GBs for standalone VMs. Defaults to `102400`.","description_kind":"markdown","optional":true},"router_id_end_range":{"type":"number","description":"Router ID end range (specify only if using OpenStack cloud credentials with Taikun Load Balancer enabled). Required with: `router_id_start_range`, `taikun_lb_flavor`.","description_kind":"markdown","optional":true},"router_id_start_range":{"type":"number","description":"Router ID start range (specify only if using OpenStack cloud credentials with Taikun Load Balancer enabled). Required with: `router_id_end_range`, `taikun_lb_flavor`.","description_kind":"markdown","optional":true},"taikun_lb_flavor":{"type":"string","description":"OpenStack flavor for the Taikun load balancer (specify only if using OpenStack cloud credentials with Taikun Load Balancer enabled). Required with: `router_id_end_range`, `router_id_start_range`.","description_kind":"markdown","optional":true}},"block_types":{"server_bastion":{"nesting_mode":"set","block":{"attributes":{"created_by":{"type":"string","description":"The creator of the server.","description_kind":"markdown","computed":true},"disk_size":{"type":"number","description":"The server's disk size in GBs. Defaults to `30`.","description_kind":"markdown","optional":true},"flavor":{"type":"string","description":"The server's flavor.","description_kind":"markdown","required":true},"id":{"type":"string","description":"ID of the server.","description_kind":"markdown","computed":true},"ip":{"type":"string","description":"IP of the server.","description_kind":"markdown","computed":true},"last_modified":{"type":"string","description":"The time and date of last modification.","description_kind":"markdown","computed":true},"last_modified_by":{"type":"string","description":"The last user to have modified the server.","description_kind":"markdown","computed":true},"name":{"type":"string","description":"Name of the server.","description_kind":"markdown","required":true},"status":{"type":"string","description":"Server status.","description_kind":"markdown","computed":true}},"description":"Bastion server. Required with: `server_kubemaster`, `server_kubeworker`.","description_kind":"markdown"},"max_items":1},"server_kubemaster":{"nesting_mode":"set","block":{"attributes":{"created_by":{"type":"string","description":"The creator of the server.","description_kind":"markdown","computed":true},"disk_size":{"type":"number","description":"The server's disk size in GBs. Defaults to `30`.","description_kind":"markdown","optional":true},"flavor":{"type":"string","description":"The server's flavor.","description_kind":"markdown","required":true},"id":{"type":"string","description":"ID of the server.","description_kind":"markdown","computed":true},"ip":{"type":"string","description":"IP of the server.","description_kind":"markdown","computed":true},"last_modified":{"type":"string","description":"The time and date of last modification.","description_kind":"markdown","computed":true},"last_modified_by":{"type":"string","description":"The last user to have modified the server.","description_kind":"markdown","computed":true},"name":{"type":"string","description":"Name of the server.","description_kind":"markdown","required":true},"status":{"type":"string","description":"Server status.","description_kind":"markdown","computed":true}},"block_types":{"kubernetes_node_label":{"nesting_mode":"set","block":{"attributes":{"key":{"type":"string","description":"Kubernetes node label key.","description_kind":"markdown","required":true},"value":{"type":"string","description":"Kubernetes node label value.","description_kind":"markdown","required":true}},"description":"Attach Kubernetes node labels.","description_kind":"markdown"}}},"description":"Kubemaster server. Required with: `server_bastion`, `server_kubeworker`.","description_kind":"markdown"}},"server_kubeworker":{"nesting_mode":"set","block":{"attributes":{"created_by":{"type":"string","description":"The creator of the server.","description_kind":"markdown","computed":true},"disk_size":{"type":"number","description":"The server's disk size in GBs. Defaults to `30`.","description_kind":"markdown","optional":true},"flavor":{"type":"string","description":"The server's flavor.","description_kind":"markdown","required":true},"id":{"type":"string","description":"ID of the server.","description_kind":"markdown","computed":true},"ip":{"type":"string","description":"IP of the server.","description_kind":"markdown","computed":true},"last_modified":{"type":"string","description":"The time and date of last modification.","description_kind":"markdown","computed":true},"last_modified_by":{"type":"string","description":"The last user to have modified the server.","description_kind":"markdown","computed":true},"name":{"type":"string","description":"Name of the server.","description_kind":"markdown","required":true},"status":{"type":"string","description":"Server status.","description_kind":"markdown","computed":true}},"block_types":{"kubernetes_node_label":{"nesting_mode":"set","block":{"attributes":{"key":{"type":"string","description":"Kubernetes node label key.","description_kind":"markdown","required":true},"value":{"type":"string","description":"Kubernetes node label value.","description_kind":"markdown","required":true}},"description":"Attach Kubernetes node labels.","description_kind":"markdown"}}},"description":"Kubeworker server. Required with: `server_bastion`, `server_kubemaster`.","description_kind":"markdown"}},"timeouts":{"nesting_mode":"single","block":{"attributes":{"create":{"type":"string","description_kind":"plain","optional":true},"update":{"type":"string","description_kind":"plain","optional":true}},"description_kind":"plain"}},"vm":{"nesting_mode":"list","block":{"attributes":{"access_ip":{"type":"string","description":"Access IP of the VM.","description_kind":"markdown","computed":true},"cloud_init":{"type":"string","description":"Cloud init (updating this field will recreate the VM). Defaults to ` `.","description_kind":"markdown","optional":true},"created_by":{"type":"string","description":"The creator of the VM.","description_kind":"markdown","computed":true},"flavor":{"type":"string","description":"The VM's flavor.","description_kind":"markdown","required":true},"id":{"type":"string","description":"ID of the VM.","description_kind":"markdown","computed":true},"image_id":{"type":"string","description":"The VM's image ID (updating this field will recreate the VM).","description_kind":"markdown","required":true},"image_name":{"type":"string","description":"The VM's image name.","description_kind":"markdown","computed":true},"ip":{"type":"string","description":"IP of the VM.","description_kind":"markdown","computed":true},"last_modified":{"type":"string","description":"The time and date of last modification.","description_kind":"markdown","computed":true},"last_modified_by":{"type":"string","description":"The last user to have modified the VM.","description_kind":"markdown","computed":true},"name":{"type":"string","description":"Name of the VM (updating this field will recreate the VM).","description_kind":"markdown","required":true},"public_ip":{"type":"bool","description":"Whether a public IP will be available (updating this field will recreate the VM if the project isn't hosted on OpenStack). Defaults to `false`.","description_kind":"markdown","optional":true},"standalone_profile_id":{"type":"string","description":"Standalone profile ID bound to the VM (updating this field will recreate the VM).","description_kind":"markdown","required":true},"status":{"type":"string","description":"VM status.","description_kind":"markdown","computed":true},"username":{"type":"string","description":"The VM's username (required for Azure).","description_kind":"markdown","optional":true},"volume_size":{"type":"number","description":"The VM's volume size in GBs (updating this field will recreate the VM).","description_kind":"markdown","required":true},"volume_type":{"type":"string","description":"Volume type (updating this field will recreate the VM).","description_kind":"markdown","optional":true,"computed":true}},"block_types":{"disk":{"nesting_mode":"list","block":{"attributes":{"device_name":{"type":"string","description":"Name of the device (required with AWS).","description_kind":"markdown","optional":true,"computed":true},"id":{"type":"string","description":"ID of the disk.","description_kind":"markdown","computed":true},"lun_id":{"type":"number","description":"LUN ID (required with Azure).","description_kind":"markdown","optional":true,"computed":true},"name":{"type":"string","description":"Name of the disk.","description_kind":"markdown","required":true},"size":{"type":"number","description":"The disk size in GBs.","description_kind":"markdown","required":true},"volume_type":{"type":"string","description":"Type of the volume (only valid with OpenStack).","description_kind":"markdown","optional":true,"computed":true}},"description":"Disks associated with the VM.","description_kind":"markdown"}},"tag":{"nesting_mode":"set","block":{"attributes":{"key":{"type":"string","description":"Key of the tag.","description_kind":"markdown","required":true},"value":{"type":"string","description":"Value of the tag.","description_kind":"markdown","required":true}},"description":"Tags linked to the VM (updating this field will recreate the VM).","description_kind":"markdown"}}},"description":"Virtual machines.","description_kind":"markdown"}}},"description":"Taikun Project","description_kind":"markdown"}},"taikun_project_user_attachment":{"version":0,"block":{"attributes":{"id":{"type":"string","description_kind":"plain","optional":true,"computed":true},"project_id":{"type":"string","description":"ID of the project.","description_kind":"markdown","required":true},"project_name":{"type":"string","description":"Name of the project.","description_kind":"markdown","computed":true},"user_id":{"type":"string","description":"ID of the user.","description_kind":"markdown","required":true}},"description":"Taikun Project-User Attachment","description_kind":"markdown"}},"taikun_showback_credential":{"version":0,"block":{"attributes":{"created_by":{"type":"string","description":"The creator of the showback credential.","description_kind":"markdown","computed":true},"id":{"type":"string","description":"The ID of the showback credential.","description_kind":"markdown","computed":true},"last_modified":{"type":"string","description":"Time of last modification.","description_kind":"markdown","computed":true},"last_modified_by":{"type":"string","description":"The last user who modified the showback credential.","description_kind":"markdown","computed":true},"lock":{"type":"bool","description":"Indicates whether to lock the showback credential. Defaults to `false`.","description_kind":"markdown","optional":true},"name":{"type":"string","description":"The name of the showback credential.","description_kind":"markdown","required":true},"organization_id":{"type":"string","description":"The ID of the organization which owns the showback credential.","description_kind":"markdown","optional":true,"computed":true},"organization_name":{"type":"string","description":"The name of the organization which owns the showback credential.","description_kind":"markdown","computed":true},"password":{"type":"string","description":"The Prometheus password or other credential.","description_kind":"markdown","required":true,"sensitive":true},"url":{"type":"string","description":"URL of the source.","description_kind":"markdown","required":true},"username":{"type":"string","description":"The Prometheus username or other credential.","description_kind":"markdown","required":true}},"description":"Taikun Showback Credential","description_kind":"markdown"}},"taikun_showback_rule":{"version":0,"block":{"attributes":{"created_by":{"type":"string","description":"The creator of the showback rule.","description_kind":"markdown","computed":true},"global_alert_limit":{"type":"number","description":"Set limit of alerts for all projects. Defaults to `0`.","description_kind":"markdown","optional":true},"id":{"type":"string","description":"The ID of the showback rule.","description_kind":"markdown","computed":true},"kind":{"type":"string","description":"The kind of showback rule: `General` (data source is Taikun) or `External` (data source is external, see `showback_credential_id`).","description_kind":"markdown","required":true},"last_modified":{"type":"string","description":"Time of last modification.","description_kind":"markdown","computed":true},"last_modified_by":{"type":"string","description":"The last user who modified the showback rule.","description_kind":"markdown","computed":true},"metric_name":{"type":"string","description":"The metric name.","description_kind":"markdown","required":true},"name":{"type":"string","description":"The name of the showback rule.","description_kind":"markdown","required":true},"organization_id":{"type":"string","description":"The ID of the organization which owns the showback rule.","description_kind":"markdown","optional":true,"computed":true},"organization_name":{"type":"string","description":"The name of the organization which owns the showback rule.","description_kind":"markdown","computed":true},"price":{"type":"number","description":"Billing in CZK per selected unit.","description_kind":"markdown","required":true},"project_alert_limit":{"type":"number","description":"Set limit of alerts for one project. Defaults to `0`.","description_kind":"markdown","optional":true},"showback_credential_id":{"type":"string","description":"ID of the showback credential.","description_kind":"markdown","optional":true},"showback_credential_name":{"type":"string","description":"Name of the showback credential.","description_kind":"markdown","computed":true},"type":{"type":"string","description":"The type of showback rule: `Count` (calculate package as unit) or `Sum` (calculate per quantity).","description_kind":"markdown","required":true}},"block_types":{"label":{"nesting_mode":"set","block":{"attributes":{"key":{"type":"string","description":"Key of the label.","description_kind":"markdown","required":true},"value":{"type":"string","description":"Value of the label.","description_kind":"markdown","required":true}},"description":"Labels linked to this showback rule.","description_kind":"markdown"}}},"description":"Taikun Showback Rule","description_kind":"markdown"}},"taikun_slack_configuration":{"version":0,"block":{"attributes":{"channel":{"type":"string","description":"Slack channel for notifications.","description_kind":"markdown","required":true},"id":{"type":"string","description":"The Slack configuration's ID.","description_kind":"markdown","computed":true},"name":{"type":"string","description":"The Slack configuration's name.","description_kind":"markdown","required":true},"organization_id":{"type":"string","description":"The ID of the organization which owns the Slack configuration.","description_kind":"markdown","optional":true,"computed":true},"organization_name":{"type":"string","description":"The name of the organization which owns the Slack configuration.","description_kind":"markdown","computed":true},"type":{"type":"string","description":"The type of notifications to receive: `Alert` (only alert-type notifications) or `General` (all notifications).","description_kind":"markdown","required":true},"url":{"type":"string","description":"Webhook URL from Slack app.","description_kind":"markdown","required":true}},"description":"Taikun Slack Configuration","description_kind":"markdown"}},"taikun_standalone_profile":{"version":0,"block":{"attributes":{"id":{"type":"string","description":"The ID of the standalone profile.","description_kind":"markdown","computed":true},"lock":{"type":"bool","description":"Indicates whether to lock the standalone profile. Defaults to `false`.","description_kind":"markdown","optional":true},"name":{"type":"string","description":"The name of the standalone profile.","description_kind":"markdown","required":true},"organization_id":{"type":"string","description":"The ID of the organization which owns the standalone profile.","description_kind":"markdown","optional":true,"computed":true},"organization_name":{"type":"string","description":"The name of the organization which owns the standalone profile.","description_kind":"markdown","computed":true},"public_key":{"type":"string","description":"The public key of the standalone profile.","description_kind":"markdown","required":true}},"block_types":{"security_group":{"nesting_mode":"list","block":{"attributes":{"cidr":{"type":"string","description":"Remote IP prefix.","description_kind":"markdown","required":true},"from_port":{"type":"number","description":"Min range port.","description_kind":"markdown","optional":true},"id":{"type":"string","description":"ID of the security group.","description_kind":"markdown","computed":true},"ip_protocol":{"type":"string","description":"IP Protocol: `TCP`, `UDP` or `ICMP`.","description_kind":"markdown","required":true},"name":{"type":"string","description":"Name of the security group.","description_kind":"markdown","required":true},"to_port":{"type":"number","description":"Max range port.","description_kind":"markdown","optional":true}},"description":"List of security groups.","description_kind":"markdown"}}},"description":"Taikun Standalone Profile","description_kind":"markdown"}},"taikun_user":{"version":0,"block":{"attributes":{"display_name":{"type":"string","description":"The user's display name. Defaults to ` `.","description_kind":"markdown","optional":true},"email":{"type":"string","description":"The email of the user.","description_kind":"markdown","required":true},"email_confirmed":{"type":"bool","description":"Indicates whether the email of the user has been confirmed.","description_kind":"markdown","computed":true},"email_notification_enabled":{"type":"bool","description":"Indicates whether the user has enabled notifications on their email.","description_kind":"markdown","computed":true},"id":{"type":"string","description":"The UUID of the user.","description_kind":"markdown","computed":true},"is_approved_by_partner":{"type":"bool","description":"Indicates whether the user account is approved by its Partner. If it isn't, the user won't be able to login.","description_kind":"markdown","computed":true},"is_csm":{"type":"bool","description":"Indicates whether the user is a Customer Success Manager.","description_kind":"markdown","computed":true},"is_disabled":{"type":"bool","description":"Indicates whether the user is locked.","description_kind":"markdown","computed":true},"is_owner":{"type":"bool","description":"Indicates whether the user is the Owner of their organization.","description_kind":"markdown","computed":true},"organization_id":{"type":"string","description":"The ID of the user's organization.","description_kind":"markdown","optional":true,"computed":true},"organization_name":{"type":"string","description":"The name of the user's organization.","description_kind":"markdown","computed":true},"role":{"type":"string","description":"The role of the user: `Manager` or `User`.","description_kind":"markdown","required":true},"user_name":{"type":"string","description":"The name of the user.","description_kind":"markdown","required":true}},"description":"Taikun User","description_kind":"markdown"}}},"data_source_schemas":{"taikun_access_profile":{"version":0,"block":{"attributes":{"allowed_host":{"type":["list",["object",{"address":"string","description":"string","id":"string","mask_bits":"number"}]],"description":"List of allowed hosts.","description_kind":"markdown","computed":true},"created_by":{"type":"string","description":"The creator of the access profile.","description_kind":"markdown","computed":true},"dns_server":{"type":["list",["object",{"address":"string","id":"string"}]],"description":"List of DNS servers.","description_kind":"markdown","computed":true},"http_proxy":{"type":"string","description":"HTTP proxy of the access profile.","description_kind":"markdown","computed":true},"id":{"type":"string","description":"The ID of the access profile.","description_kind":"markdown","required":true},"last_modified":{"type":"string","description":"The time and date of last modification.","description_kind":"markdown","computed":true},"last_modified_by":{"type":"string","description":"The last user to have modified the profile.","description_kind":"markdown","computed":true},"lock":{"type":"bool","description":"Indicates whether to lock the access profile.","description_kind":"markdown","computed":true},"name":{"type":"string","description":"The name of the access profile.","description_kind":"markdown","computed":true},"ntp_server":{"type":["list",["object",{"address":"string","id":"string"}]],"description":"List of NTP servers.","description_kind":"markdown","computed":true},"organization_id":{"type":"string","description":"The ID of the organization which owns the access profile.","description_kind":"markdown","computed":true},"organization_name":{"type":"string","description":"The name of the organization which owns the access profile.","description_kind":"markdown","computed":true},"ssh_user":{"type":["list",["object",{"id":"string","name":"string","public_key":"string"}]],"description":"List of SSH users.","description_kind":"markdown","computed":true}},"description":"Get an access profile by its ID.","description_kind":"markdown"}},"taikun_access_profiles":{"version":0,"block":{"attributes":{"access_profiles":{"type":["list",["object",{"allowed_host":["list",["object",{"address":"string","description":"string","id":"string","mask_bits":"number"}]],"created_by":"string","dns_server":["list",["object",{"address":"string","id":"string"}]],"http_proxy":"string","id":"string","last_modified":"string","last_modified_by":"string","lock":"bool","name":"string","ntp_server":["list",["object",{"address":"string","id":"string"}]],"organization_id":"string","organization_name":"string","ssh_user":["list",["object",{"id":"string","name":"string","public_key":"string"}]]}]],"description":"List of retrieved access profiles.","description_kind":"markdown","computed":true},"id":{"type":"string","description_kind":"plain","optional":true,"computed":true},"organization_id":{"type":"string","description":"Organization ID filter.","description_kind":"markdown","optional":true}},"description":"Retrieve all access profiles.","description_kind":"markdown"}},"taikun_alerting_profile":{"version":0,"block":{"attributes":{"created_by":{"type":"string","description":"The creator of the alerting profile.","description_kind":"markdown","computed":true},"emails":{"type":["list","string"],"description":"The list of emails to notify.","description_kind":"markdown","computed":true},"id":{"type":"string","description":"The alerting profile's ID.","description_kind":"markdown","required":true},"integration":{"type":["list",["object",{"id":"string","token":"string","type":"string","url":"string"}]],"description":"List of alerting integrations.","description_kind":"markdown","computed":true},"last_modified":{"type":"string","description":"The time and date of last modification.","description_kind":"markdown","computed":true},"last_modified_by":{"type":"string","description":"The last user to have modified the profile.","description_kind":"markdown","computed":true},"lock":{"type":"bool","description":"Indicates whether to lock the profile.","description_kind":"markdown","computed":true},"name":{"type":"string","description":"The alerting profile's name.","description_kind":"markdown","computed":true},"organization_id":{"type":"string","description":"The ID of the organization which owns the profile.","description_kind":"markdown","computed":true},"organization_name":{"type":"string","description":"The name of the organization which owns the profile.","description_kind":"markdown","computed":true},"reminder":{"type":"string","description":"The frequency of notifications: `HalfHour`, `Hourly`, `Daily` or `None`.","description_kind":"markdown","computed":true},"slack_configuration_id":{"type":"string","description":"The ID of the Slack configuration to notify.","description_kind":"markdown","computed":true},"slack_configuration_name":{"type":"string","description":"The name of the Slack configuration to notify.","description_kind":"markdown","computed":true},"webhook":{"type":["set",["object",{"header":["set",["object",{"key":"string","value":"string"}]],"url":"string"}]],"description":"The list of webhooks to notify.","description_kind":"markdown","computed":true}},"description":"Retrieve an alerting profile by its ID.","description_kind":"markdown"}},"taikun_alerting_profiles":{"version":0,"block":{"attributes":{"alerting_profiles":{"type":["list",["object",{"created_by":"string","emails":["list","string"],"id":"string","integration":["list",["object",{"id":"string","token":"string","type":"string","url":"string"}]],"last_modified":"string","last_modified_by":"string","lock":"bool","name":"string","organization_id":"string","organization_name":"string","reminder":"string","slack_configuration_id":"string","slack_configuration_name":"string","webhook":["set",["object",{"header":["set",["object",{"key":"string","value":"string"}]],"url":"string"}]]}]],"description":"List of retrieved alerting profiles.","description_kind":"markdown","computed":true},"id":{"type":"string","description_kind":"plain","optional":true,"computed":true},"organization_id":{"type":"string","description":"Organization ID filter.","description_kind":"markdown","optional":true}},"description":"Retrieve all alerting profiles.","description_kind":"markdown"}},"taikun_backup_credential":{"version":0,"block":{"attributes":{"created_by":{"type":"string","description":"The creator of the backup credential.","description_kind":"markdown","computed":true},"id":{"type":"string","description":"The ID of the backup credential.","description_kind":"markdown","required":true},"is_default":{"type":"bool","description":"Indicates whether the backup credential is the organization's default.","description_kind":"markdown","computed":true},"last_modified":{"type":"string","description":"Time and date of last modification.","description_kind":"markdown","computed":true},"last_modified_by":{"type":"string","description":"The last user to have modified the backup credential.","description_kind":"markdown","computed":true},"lock":{"type":"bool","description":"Indicates whether to lock the backup credential.","description_kind":"markdown","computed":true},"name":{"type":"string","description":"The name of the backup credential.","description_kind":"markdown","computed":true},"organization_id":{"type":"string","description":"The ID of the organization which owns the backup credential.","description_kind":"markdown","computed":true},"organization_name":{"type":"string","description":"The name of the organization which owns the backup credential.","description_kind":"markdown","computed":true},"s3_access_key_id":{"type":"string","description":"The S3 access key ID.","description_kind":"markdown","computed":true},"s3_endpoint":{"type":"string","description":"The S3 endpoint URL.","description_kind":"markdown","computed":true},"s3_region":{"type":"string","description":"The S3 region.","description_kind":"markdown","computed":true}},"description":"Retrieve a backup credential by its ID.","description_kind":"markdown"}},"taikun_backup_credentials":{"version":0,"block":{"attributes":{"backup_credentials":{"type":["list",["object",{"created_by":"string","id":"string","is_default":"bool","last_modified":"string","last_modified_by":"string","lock":"bool","name":"string","organization_id":"string","organization_name":"string","s3_access_key_id":"string","s3_endpoint":"string","s3_region":"string"}]],"description":"List of retrieved backup credentials.","description_kind":"markdown","computed":true},"id":{"type":"string","description_kind":"plain","optional":true,"computed":true},"organization_id":{"type":"string","description":"Organization ID filter.","description_kind":"markdown","optional":true}},"description":"Retrieve all backup credentials.","description_kind":"markdown"}},"taikun_billing_credential":{"version":0,"block":{"attributes":{"created_by":{"type":"string","description":"The creator of the billing credential.","description_kind":"markdown","computed":true},"id":{"type":"string","description":"The ID of the billing credential.","description_kind":"markdown","required":true},"is_default":{"type":"bool","description":"Indicates whether the billing credential is the organization's default.","description_kind":"markdown","computed":true},"last_modified":{"type":"string","description":"Time and date of last modification.","description_kind":"markdown","computed":true},"last_modified_by":{"type":"string","description":"The last user to have modified the billing credential.","description_kind":"markdown","computed":true},"lock":{"type":"bool","description":"Indicates whether to lock the billing credential.","description_kind":"markdown","computed":true},"name":{"type":"string","description":"The name of the billing credential.","description_kind":"markdown","computed":true},"organization_id":{"type":"string","description":"The ID of the organization which owns the billing credential.","description_kind":"markdown","computed":true},"organization_name":{"type":"string","description":"The name of the organization which owns the billing credential.","description_kind":"markdown","computed":true},"prometheus_password":{"type":"string","description":"The Prometheus password.","description_kind":"markdown","computed":true,"sensitive":true},"prometheus_url":{"type":"string","description":"The Prometheus URL.","description_kind":"markdown","computed":true},"prometheus_username":{"type":"string","description":"The Prometheus username.","description_kind":"markdown","computed":true}},"description":"Get a billing credential by its ID.","description_kind":"markdown"}},"taikun_billing_credentials":{"version":0,"block":{"attributes":{"billing_credentials":{"type":["list",["object",{"created_by":"string","id":"string","is_default":"bool","last_modified":"string","last_modified_by":"string","lock":"bool","name":"string","organization_id":"string","organization_name":"string","prometheus_password":"string","prometheus_url":"string","prometheus_username":"string"}]],"description":"List of retrieved billing credentials.","description_kind":"markdown","computed":true},"id":{"type":"string","description_kind":"plain","optional":true,"computed":true},"organization_id":{"type":"string","description":"Organization ID filter.","description_kind":"markdown","optional":true}},"description":"Retrieve all billing credentials.","description_kind":"markdown"}},"taikun_billing_rule":{"version":0,"block":{"attributes":{"billing_credential_id":{"type":"string","description":"ID of the billing credential.","description_kind":"markdown","computed":true},"created_by":{"type":"string","description":"The creator of the billing rule.","description_kind":"markdown","computed":true},"id":{"type":"string","description":"The ID of the billing rule.","description_kind":"markdown","required":true},"label":{"type":["set",["object",{"id":"string","key":"string","value":"string"}]],"description":"Labels linked to the billing rule.","description_kind":"markdown","computed":true},"last_modified":{"type":"string","description":"Time and date of last modification.","description_kind":"markdown","computed":true},"last_modified_by":{"type":"string","description":"The last user to have modified the billing rule.","description_kind":"markdown","computed":true},"metric_name":{"type":"string","description":"The name of the Prometheus metric (e.g. volumes, flavors, networks) to bill.","description_kind":"markdown","computed":true},"name":{"type":"string","description":"The name of the billing rule.","description_kind":"markdown","computed":true},"price":{"type":"number","description":"The price in CZK per selected unit.","description_kind":"markdown","computed":true},"type":{"type":"string","description":"The type of billing rule: `Count` (calculate package as unit) or `Sum` (calculate per quantity).","description_kind":"markdown","computed":true}},"description":"Get a billing rule by its ID.","description_kind":"markdown"}},"taikun_billing_rules":{"version":0,"block":{"attributes":{"billing_rules":{"type":["list",["object",{"billing_credential_id":"string","created_by":"string","id":"string","label":["set",["object",{"id":"string","key":"string","value":"string"}]],"last_modified":"string","last_modified_by":"string","metric_name":"string","name":"string","price":"number","type":"string"}]],"description":"List of retrieved billing rules.","description_kind":"markdown","computed":true},"id":{"type":"string","description_kind":"plain","optional":true,"computed":true}},"description":"Retrieve all billing rules.","description_kind":"markdown"}},"taikun_cloud_credential_aws":{"version":0,"block":{"attributes":{"availability_zone":{"type":"string","description":"The AWS availability zone for the region.","description_kind":"markdown","computed":true},"created_by":{"type":"string","description":"The creator of the AWS cloud credential.","description_kind":"markdown","computed":true},"id":{"type":"string","description":"The ID of the AWS cloud credential.","description_kind":"markdown","required":true},"is_default":{"type":"bool","description":"Indicates whether the AWS cloud credential is the default one.","description_kind":"markdown","computed":true},"last_modified":{"type":"string","description":"Time and date of last modification.","description_kind":"markdown","computed":true},"last_modified_by":{"type":"string","description":"The last user to have modified the AWS cloud credential.","description_kind":"markdown","computed":true},"lock":{"type":"bool","description":"Indicates whether to lock the AWS cloud credential.","description_kind":"markdown","computed":true},"name":{"type":"string","description":"The name of the AWS cloud credential.","description_kind":"markdown","computed":true},"organization_id":{"type":"string","description":"The ID of the organization which owns the AWS cloud credential.","description_kind":"markdown","computed":true},"organization_name":{"type":"string","description":"The name of the organization which owns the AWS cloud credential.","description_kind":"markdown","computed":true},"region":{"type":"string","description":"The AWS region.","description_kind":"markdown","computed":true}},"description":"Get an AWS cloud credential by its ID.","description_kind":"markdown"}},"taikun_cloud_credential_azure":{"version":0,"block":{"attributes":{"availability_zone":{"type":"string","description":"The Azure availability zone for the location.","description_kind":"markdown","computed":true},"created_by":{"type":"string","description":"The creator of the Azure cloud credential.","description_kind":"markdown","computed":true},"id":{"type":"string","description":"The ID of the Azure cloud credential.","description_kind":"markdown","required":true},"is_default":{"type":"bool","description":"Indicates whether the Azure cloud credential is the default one.","description_kind":"markdown","computed":true},"last_modified":{"type":"string","description":"Time and date of last modification.","description_kind":"markdown","computed":true},"last_modified_by":{"type":"string","description":"The last user to have modified the Azure cloud credential.","description_kind":"markdown","computed":true},"location":{"type":"string","description":"The Azure location.","description_kind":"markdown","computed":true},"lock":{"type":"bool","description":"Indicates whether to lock the Azure cloud credential.","description_kind":"markdown","computed":true},"name":{"type":"string","description":"The name of the Azure cloud credential.","description_kind":"markdown","computed":true},"organization_id":{"type":"string","description":"The ID of the organization which owns the Azure cloud credential.","description_kind":"markdown","computed":true},"organization_name":{"type":"string","description":"The name of the organization which owns the Azure cloud credential.","description_kind":"markdown","computed":true},"tenant_id":{"type":"string","description":"The Azure tenant ID.","description_kind":"markdown","computed":true}},"description":"Get an Azure cloud credential by its ID.","description_kind":"markdown"}},"taikun_cloud_credential_gcp":{"version":0,"block":{"attributes":{"billing_account_id":{"type":"string","description":"The ID of the GCP credential's billing account.","description_kind":"markdown","computed":true},"billing_account_name":{"type":"string","description":"The name of the GCP credential's billing account.","description_kind":"markdown","computed":true},"folder_id":{"type":"string","description":"The folder ID of the GCP credential.","description_kind":"markdown","computed":true},"id":{"type":"string","description":"The ID of the GCP credential.","description_kind":"markdown","required":true},"is_default":{"type":"bool","description":"Indicates whether the GCP cloud credential is the default one.","description_kind":"markdown","computed":true},"lock":{"type":"bool","description":"Indicates whether to lock the GCP cloud credential.","description_kind":"markdown","computed":true},"name":{"type":"string","description":"The name of the GCP credential.","description_kind":"markdown","computed":true},"organization_id":{"type":"string","description":"The ID of the organization which owns the GCP credential.","description_kind":"markdown","computed":true},"organization_name":{"type":"string","description":"The name of the organization which owns the GCP credential.","description_kind":"markdown","computed":true},"region":{"type":"string","description":"The region of the GCP credential.","description_kind":"markdown","computed":true},"zone":{"type":"string","description":"The zone of the GCP credential.","description_kind":"markdown","computed":true}},"description":"Get a GCP credential by its ID.","description_kind":"markdown"}},"taikun_cloud_credential_openstack":{"version":0,"block":{"attributes":{"availability_zone":{"type":"string","description":"The OpenStack availability zone.","description_kind":"markdown","computed":true},"created_by":{"type":"string","description":"The creator of the OpenStack cloud credential.","description_kind":"markdown","computed":true},"domain":{"type":"string","description":"The OpenStack domain.","description_kind":"markdown","computed":true},"id":{"type":"string","description":"The ID of the OpenStack cloud credential.","description_kind":"markdown","required":true},"imported_network_subnet_id":{"type":"string","description":"The OpenStack network subnet ID to import a network.","description_kind":"markdown","computed":true},"is_default":{"type":"bool","description":"Indicates whether the OpenStack cloud credential is the default one.","description_kind":"markdown","computed":true},"last_modified":{"type":"string","description":"Time and date of last modification.","description_kind":"markdown","computed":true},"last_modified_by":{"type":"string","description":"The last user to have modified the OpenStack cloud credential.","description_kind":"markdown","computed":true},"lock":{"type":"bool","description":"Indicates whether to lock the OpenStack cloud credential.","description_kind":"markdown","computed":true},"name":{"type":"string","description":"The name of the OpenStack cloud credential.","description_kind":"markdown","computed":true},"organization_id":{"type":"string","description":"The ID of the organization which owns the OpenStack cloud credential.","description_kind":"markdown","computed":true},"organization_name":{"type":"string","description":"The name of the organization which owns the OpenStack cloud credential.","description_kind":"markdown","computed":true},"project_id":{"type":"string","description":"The OpenStack project ID.","description_kind":"markdown","computed":true},"project_name":{"type":"string","description":"The OpenStack project name.","description_kind":"markdown","computed":true},"public_network_name":{"type":"string","description":"The name of the public OpenStack network to use.","description_kind":"markdown","computed":true},"region":{"type":"string","description":"The OpenStack region.","description_kind":"markdown","computed":true},"user":{"type":"string","description":"The OpenStack user.","description_kind":"markdown","computed":true},"volume_type_name":{"type":"string","description":"The OpenStack type of volume.","description_kind":"markdown","computed":true}},"description":"Get an OpenStack cloud credential by its ID.","description_kind":"markdown"}},"taikun_cloud_credentials_aws":{"version":0,"block":{"attributes":{"cloud_credentials":{"type":["list",["object",{"availability_zone":"string","created_by":"string","id":"string","is_default":"bool","last_modified":"string","last_modified_by":"string","lock":"bool","name":"string","organization_id":"string","organization_name":"string","region":"string"}]],"description":"List of retrieved AWS cloud credentials.","description_kind":"markdown","computed":true},"id":{"type":"string","description_kind":"plain","optional":true,"computed":true},"organization_id":{"type":"string","description":"Organization ID filter.","description_kind":"markdown","optional":true}},"description":"Retrieve all AWS cloud credentials.","description_kind":"markdown"}},"taikun_cloud_credentials_azure":{"version":0,"block":{"attributes":{"cloud_credentials":{"type":["list",["object",{"availability_zone":"string","created_by":"string","id":"string","is_default":"bool","last_modified":"string","last_modified_by":"string","location":"string","lock":"bool","name":"string","organization_id":"string","organization_name":"string","tenant_id":"string"}]],"description":"List of retrieved Azure cloud credentials.","description_kind":"markdown","computed":true},"id":{"type":"string","description_kind":"plain","optional":true,"computed":true},"organization_id":{"type":"string","description":"Organization ID filter.","description_kind":"markdown","optional":true}},"description":"Retrieve all Azure cloud credentials.","description_kind":"markdown"}},"taikun_cloud_credentials_gcp":{"version":0,"block":{"attributes":{"cloud_credentials":{"type":["list",["object",{"billing_account_id":"string","billing_account_name":"string","folder_id":"string","id":"string","is_default":"bool","lock":"bool","name":"string","organization_id":"string","organization_name":"string","region":"string","zone":"string"}]],"description":"List of retrieved Google Cloud Platform credentials.","description_kind":"markdown","computed":true},"id":{"type":"string","description_kind":"plain","optional":true,"computed":true},"organization_id":{"type":"string","description":"Organization ID filter.","description_kind":"markdown","optional":true}},"description":"Retrieve all Google Cloud Platform credentials.","description_kind":"markdown"}},"taikun_cloud_credentials_openstack":{"version":0,"block":{"attributes":{"cloud_credentials":{"type":["list",["object",{"availability_zone":"string","created_by":"string","domain":"string","id":"string","imported_network_subnet_id":"string","is_default":"bool","last_modified":"string","last_modified_by":"string","lock":"bool","name":"string","organization_id":"string","organization_name":"string","project_id":"string","project_name":"string","public_network_name":"string","region":"string","user":"string","volume_type_name":"string"}]],"description":"List of retrieved OpenStack cloud credentials.","description_kind":"markdown","computed":true},"id":{"type":"string","description_kind":"plain","optional":true,"computed":true},"organization_id":{"type":"string","description":"Organization ID filter.","description_kind":"markdown","optional":true}},"description":"Retrieve all OpenStack cloud credentials.","description_kind":"markdown"}},"taikun_flavors":{"version":0,"block":{"attributes":{"cloud_credential_id":{"type":"string","description":"Cloud credential ID.","description_kind":"markdown","required":true},"flavors":{"type":["list",["object",{"cpu":"number","name":"string","ram":"number"}]],"description":"List of retrieved flavors.","description_kind":"markdown","computed":true},"id":{"type":"string","description_kind":"plain","optional":true,"computed":true},"max_cpu":{"type":"number","description":"Maximal CPU count. Defaults to `36`.","description_kind":"markdown","optional":true},"max_ram":{"type":"number","description":"Maximal RAM size in GB. Defaults to `500`.","description_kind":"markdown","optional":true},"min_cpu":{"type":"number","description":"Minimal CPU count. Defaults to `2`.","description_kind":"markdown","optional":true},"min_ram":{"type":"number","description":"Minimal RAM size in GB. Defaults to `2`.","description_kind":"markdown","optional":true}},"description":"Retrieve flavors for a given cloud credential.","description_kind":"markdown"}},"taikun_images":{"version":0,"block":{"attributes":{"aws_limit":{"type":"number","description":"Limit the number of listed AWS images (highly recommended as fetching the entire list of images can take a long time) (only valid with AWS cloud credential ID).","description_kind":"markdown","optional":true},"azure_offer":{"type":"string","description":"Azure offer (only valid with Azure Cloud Credential ID).","description_kind":"markdown","optional":true},"azure_publisher":{"type":"string","description":"Azure publisher (only valid with Azure Cloud Credential ID).","description_kind":"markdown","optional":true},"azure_sku":{"type":"string","description":"Azure sku (only valid with Azure Cloud Credential ID).","description_kind":"markdown","optional":true},"cloud_credential_id":{"type":"string","description":"Cloud credential ID.","description_kind":"markdown","required":true},"id":{"type":"string","description_kind":"plain","optional":true,"computed":true},"images":{"type":["list",["object",{"id":"string","name":"string"}]],"description":"List of retrieved images.","description_kind":"markdown","computed":true}},"description":"Retrieve images for a given cloud credential.","description_kind":"markdown","deprecated":true}},"taikun_images_aws":{"version":0,"block":{"attributes":{"cloud_credential_id":{"type":"string","description":"AWS cloud credential ID.","description_kind":"markdown","required":true},"id":{"type":"string","description_kind":"plain","optional":true,"computed":true},"images":{"type":["list",["object",{"id":"string","name":"string"}]],"description":"List of retrieved AWS images.","description_kind":"markdown","computed":true},"latest":{"type":"bool","description":"Retrieve latest AWS images. Defaults to `false`.","description_kind":"markdown","optional":true},"owners":{"type":["set","string"],"description":"List of AWS image owners","description_kind":"markdown","optional":true}},"description":"Retrieve images for a given AWS cloud credential.","description_kind":"markdown"}},"taikun_images_azure":{"version":0,"block":{"attributes":{"cloud_credential_id":{"type":"string","description":"Azure cloud credential ID.","description_kind":"markdown","required":true},"id":{"type":"string","description_kind":"plain","optional":true,"computed":true},"images":{"type":["list",["object",{"id":"string","name":"string"}]],"description":"List of retrieved Azure images.","description_kind":"markdown","computed":true},"latest":{"type":"bool","description":"Retrieve latest Azure images. Defaults to `false`.","description_kind":"markdown","optional":true},"offer":{"type":"string","description":"Azure offer.","description_kind":"markdown","required":true},"publisher":{"type":"string","description":"Azure publisher.","description_kind":"markdown","required":true},"sku":{"type":"string","description":"Azure SKU.","description_kind":"markdown","required":true}},"description":"Retrieve images for a given Azure cloud credential.","description_kind":"markdown"}},"taikun_images_gcp":{"version":0,"block":{"attributes":{"cloud_credential_id":{"type":"string","description":"GCP cloud credential ID.","description_kind":"markdown","required":true},"id":{"type":"string","description_kind":"plain","optional":true,"computed":true},"images":{"type":["list",["object",{"id":"string","name":"string"}]],"description":"List of retrieved GCP images.","description_kind":"markdown","computed":true},"type":{"type":"string","description":"GCP image type. Defaults to `all`.","description_kind":"markdown","optional":true}},"description":"Retrieve images for a given GCP cloud credential.","description_kind":"markdown"}},"taikun_images_openstack":{"version":0,"block":{"attributes":{"cloud_credential_id":{"type":"string","description":"OpenStack cloud credential ID.","description_kind":"markdown","required":true},"id":{"type":"string","description_kind":"plain","optional":true,"computed":true},"images":{"type":["list",["object",{"id":"string","name":"string"}]],"description":"List of retrieved OpenStack images.","description_kind":"markdown","computed":true}},"description":"Retrieve images for a given OpenStack cloud credential.","description_kind":"markdown"}},"taikun_kubeconfig":{"version":0,"block":{"attributes":{"access_scope":{"type":"string","description":"Who can use the kubeconfig: `personal` (only you), `managers` (managers only) or `all` (all users with access to this project).","description_kind":"markdown","computed":true},"content":{"type":"string","description":"Content of the kubeconfig's YAML file.","description_kind":"markdown","computed":true,"sensitive":true},"id":{"type":"string","description":"The kubeconfig's ID.","description_kind":"markdown","required":true},"name":{"type":"string","description":"The kubeconfig's name.","description_kind":"markdown","computed":true},"namespace":{"type":"string","description":"The kubeconfig's namespace.","description_kind":"markdown","computed":true},"project_id":{"type":"string","description":"ID of the kubeconfig's project.","description_kind":"markdown","computed":true},"project_name":{"type":"string","description":"Name of the kubeconfig's project.","description_kind":"markdown","computed":true},"user_id":{"type":"string","description":"ID of the kubeconfig's user, if the kubeconfig is personal.","description_kind":"markdown","computed":true},"validity_period":{"type":"number","description":"The kubeconfig's validity period in minutes. Unlimited (-1) by default.","description_kind":"markdown","computed":true}},"description":"Retrieve a kubeconfig by its ID.","description_kind":"markdown"}},"taikun_kubeconfigs":{"version":0,"block":{"attributes":{"id":{"type":"string","description_kind":"plain","optional":true,"computed":true},"kubeconfigs":{"type":["list",["object",{"access_scope":"string","content":"string","id":"string","name":"string","namespace":"string","project_id":"string","project_name":"string","user_id":"string","validity_period":"number"}]],"description":"List of retrieved kubeconfigs.","description_kind":"markdown","computed":true},"project_id":{"type":"string","description":"Project ID filter.","description_kind":"markdown","required":true}},"description":"Retrieve a project's kubeconfigs.","description_kind":"markdown"}},"taikun_kubernetes_profile":{"version":0,"block":{"attributes":{"bastion_proxy":{"type":"bool","description":"Whether to expose the Service on each Node's IP at a static port, the NodePort. You'll be able to contact the NodePort Service, from outside the cluster, by requesting `\u003cNodeIP\u003e:\u003cNodePort\u003e`.","description_kind":"markdown","computed":true},"cni":{"type":"string","description":"Container Network Interface (CNI) of the Kubernetes profile.","description_kind":"markdown","computed":true},"created_by":{"type":"string","description":"The creator of the Kubernetes profile.","description_kind":"markdown","computed":true},"id":{"type":"string","description":"The ID of the Kubernetes profile.","description_kind":"markdown","required":true},"last_modified":{"type":"string","description":"Time and date of last modification.","description_kind":"markdown","computed":true},"last_modified_by":{"type":"string","description":"The last user to have modified the Kubernetes profile.","description_kind":"markdown","computed":true},"load_balancing_solution":{"type":"string","description":"The load-balancing solution: `None`, `Octavia` or `Taikun`. `Octavia` and `Taikun` are only available for OpenStack cloud.","description_kind":"markdown","computed":true},"lock":{"type":"bool","description":"Indicates whether to lock the Kubernetes profile.","description_kind":"markdown","computed":true},"name":{"type":"string","description":"The name of the Kubernetes profile.","description_kind":"markdown","computed":true},"organization_id":{"type":"string","description":"The ID of the organization which owns the Kubernetes profile.","description_kind":"markdown","computed":true},"organization_name":{"type":"string","description":"The name of the organization which owns the Kubernetes profile.","description_kind":"markdown","computed":true},"schedule_on_master":{"type":"bool","description":"When enabled, the workload will also run on master nodes (not recommended).","description_kind":"markdown","computed":true},"unique_cluster_name":{"type":"bool","description":"If not enabled, the cluster name will be cluster.local.","description_kind":"markdown","computed":true}},"description":"Get a Kubernetes profile by its ID.","description_kind":"markdown"}},"taikun_kubernetes_profiles":{"version":0,"block":{"attributes":{"id":{"type":"string","description_kind":"plain","optional":true,"computed":true},"kubernetes_profiles":{"type":["list",["object",{"bastion_proxy":"bool","cni":"string","created_by":"string","id":"string","last_modified":"string","last_modified_by":"string","load_balancing_solution":"string","lock":"bool","name":"string","organization_id":"string","organization_name":"string","schedule_on_master":"bool","unique_cluster_name":"bool"}]],"description":"List of retrieved Kubernetes profiles.","description_kind":"markdown","computed":true},"organization_id":{"type":"string","description":"Organization ID filter.","description_kind":"markdown","optional":true}},"description":"Retrieve all Kubernetes profiles.","description_kind":"markdown"}},"taikun_organization":{"version":0,"block":{"attributes":{"address":{"type":"string","description":"Address.","description_kind":"markdown","computed":true},"billing_email":{"type":"string","description":"Billing email.","description_kind":"markdown","computed":true},"city":{"type":"string","description":"City.","description_kind":"markdown","computed":true},"cloud_credentials":{"type":"number","description":"Number of associated cloud credentials.","description_kind":"markdown","computed":true},"country":{"type":"string","description":"Country.","description_kind":"markdown","computed":true},"created_at":{"type":"string","description":"Time and date of creation.","description_kind":"markdown","computed":true},"discount_rate":{"type":"number","description":"Discount rate, must be between 0 and 100 (included).","description_kind":"markdown","computed":true},"email":{"type":"string","description":"Email.","description_kind":"markdown","computed":true},"full_name":{"type":"string","description":"Full name.","description_kind":"markdown","computed":true},"id":{"type":"string","description":"Organization's ID.","description_kind":"markdown","optional":true},"is_read_only":{"type":"bool","description":"Whether the organization is in read-only mode.","description_kind":"markdown","computed":true},"lock":{"type":"bool","description":"Indicates whether to lock the organization.","description_kind":"markdown","computed":true},"managers_can_change_subscription":{"type":"bool","description":"Allow subscription to be changed by managers.","description_kind":"markdown","computed":true},"name":{"type":"string","description":"Organization's name.","description_kind":"markdown","computed":true},"partner_id":{"type":"string","description":"ID of the organization's partner.","description_kind":"markdown","computed":true},"partner_name":{"type":"string","description":"Name of the organization's partner.","description_kind":"markdown","computed":true},"phone":{"type":"string","description":"Phone number.","description_kind":"markdown","computed":true},"projects":{"type":"number","description":"Number of associated projects.","description_kind":"markdown","computed":true},"servers":{"type":"number","description":"Number of associated servers.","description_kind":"markdown","computed":true},"users":{"type":"number","description":"Number of associated users.","description_kind":"markdown","computed":true},"vat_number":{"type":"string","description":"VAT number.","description_kind":"markdown","computed":true}},"description":"Get the details of an organization.","description_kind":"markdown"}},"taikun_organizations":{"version":0,"block":{"attributes":{"id":{"type":"string","description_kind":"plain","optional":true,"computed":true},"organizations":{"type":["list",["object",{"address":"string","billing_email":"string","city":"string","cloud_credentials":"number","country":"string","created_at":"string","discount_rate":"number","email":"string","full_name":"string","id":"string","is_read_only":"bool","lock":"bool","managers_can_change_subscription":"bool","name":"string","partner_id":"string","partner_name":"string","phone":"string","projects":"number","servers":"number","users":"number","vat_number":"string"}]],"description":"List of retrieved organizations.","description_kind":"markdown","computed":true}},"description":"Retrieve all organizations.","description_kind":"markdown"}},"taikun_policy_profile":{"version":0,"block":{"attributes":{"allowed_repos":{"type":["set","string"],"description":"Requires container images to begin with a string from the specified list.","description_kind":"markdown","computed":true},"forbid_http_ingress":{"type":"bool","description":"Requires Ingress resources to be HTTPS only.","description_kind":"markdown","computed":true},"forbid_node_port":{"type":"bool","description":"Disallows all Services with type NodePort.","description_kind":"markdown","computed":true},"forbidden_tags":{"type":["set","string"],"description":"Container images must have an image tag different from the ones in the list.","description_kind":"markdown","computed":true},"id":{"type":"string","description":"The ID of the Policy profile.","description_kind":"markdown","required":true},"ingress_whitelist":{"type":["set","string"],"description":"List of allowed Ingress rule hosts.","description_kind":"markdown","computed":true},"is_default":{"type":"bool","description":"Indicates whether the Policy Profile is the default one.","description_kind":"markdown","computed":true},"lock":{"type":"bool","description":"Indicates whether to lock the Policy profile.","description_kind":"markdown","computed":true},"name":{"type":"string","description":"The name of the Policy profile.","description_kind":"markdown","computed":true},"organization_id":{"type":"string","description":"The ID of the organization which owns the Policy profile.","description_kind":"markdown","computed":true},"organization_name":{"type":"string","description":"The name of the organization which owns the Policy profile.","description_kind":"markdown","computed":true},"require_probe":{"type":"bool","description":"Requires Pods to have readiness and liveness probes.","description_kind":"markdown","computed":true},"unique_ingress":{"type":"bool","description":"Requires all Ingress rule hosts to be unique.","description_kind":"markdown","computed":true},"unique_service_selector":{"type":"bool","description":"Whether services must have globally unique service selectors or not.","description_kind":"markdown","computed":true}},"description":"Get a Policy profile by its ID.","description_kind":"markdown"}},"taikun_policy_profiles":{"version":0,"block":{"attributes":{"id":{"type":"string","description_kind":"plain","optional":true,"computed":true},"organization_id":{"type":"string","description":"Organization ID filter.","description_kind":"markdown","optional":true},"policy_profiles":{"type":["list",["object",{"allowed_repos":["set","string"],"forbid_http_ingress":"bool","forbid_node_port":"bool","forbidden_tags":["set","string"],"id":"string","ingress_whitelist":["set","string"],"is_default":"bool","lock":"bool","name":"string","organization_id":"string","organization_name":"string","require_probe":"bool","unique_ingress":"bool","unique_service_selector":"bool"}]],"description":"List of retrieved Policy profiles.","description_kind":"markdown","computed":true}},"description":"Retrieve all Policy profiles.","description_kind":"markdown"}},"taikun_project":{"version":0,"block":{"attributes":{"access_ip":{"type":"string","description":"Public IP address of the bastion.","description_kind":"markdown","computed":true},"access_profile_id":{"type":"string","description":"ID of the project's access profile. Defaults to the default access profile of the project's organization.","description_kind":"markdown","computed":true},"alerting_profile_id":{"type":"string","description":"ID of the project's alerting profile.","description_kind":"markdown","computed":true},"alerting_profile_name":{"type":"string","description":"Name of the project's alerting profile.","description_kind":"markdown","computed":true},"auto_upgrade":{"type":"bool","description":"If enabled, the Kubespray version will be automatically upgraded when a new version is available.","description_kind":"markdown","computed":true},"backup_credential_id":{"type":"string","description":"ID of the backup credential. If unspecified, backups are disabled.","description_kind":"markdown","computed":true},"cloud_credential_id":{"type":"string","description":"ID of the cloud credential used to create the project's servers.","description_kind":"markdown","computed":true},"delete_on_expiration":{"type":"bool","description":"If enabled, the project will be deleted on the expiration date and it will not be possible to recover it.","description_kind":"markdown","computed":true},"expiration_date":{"type":"string","description":"Project's expiration date in the format: 'dd/mm/yyyy'.","description_kind":"markdown","computed":true},"flavors":{"type":["set","string"],"description":"List of flavors bound to the project.","description_kind":"markdown","computed":true},"id":{"type":"string","description":"Project ID.","description_kind":"markdown","required":true},"images":{"type":["set","string"],"description":"List of images bound to the project.","description_kind":"markdown","computed":true},"kubernetes_profile_id":{"type":"string","description":"ID of the project's Kubernetes profile. Defaults to the default Kubernetes profile of the project's organization.","description_kind":"markdown","computed":true},"kubernetes_version":{"type":"string","description":"Kubernetes Version at project creation. Use the meta-argument `ignore_changes` to ignore future upgrades.","description_kind":"markdown","computed":true},"lock":{"type":"bool","description":"Indicates whether to lock the project.","description_kind":"markdown","computed":true},"monitoring":{"type":"bool","description":"Kubernetes cluster monitoring.","description_kind":"markdown","computed":true},"name":{"type":"string","description":"Project name.","description_kind":"markdown","computed":true},"organization_id":{"type":"string","description":"ID of the organization which owns the project.","description_kind":"markdown","computed":true},"policy_profile_id":{"type":"string","description":"ID of the Policy profile. If unspecified, Gatekeeper is disabled.","description_kind":"markdown","computed":true},"quota_cpu_units":{"type":"number","description":"Maximum CPU units.","description_kind":"markdown","computed":true},"quota_disk_size":{"type":"number","description":"Maximum disk size in GBs.","description_kind":"markdown","computed":true},"quota_ram_size":{"type":"number","description":"Maximum RAM size in GBs.","description_kind":"markdown","computed":true},"quota_vm_cpu_units":{"type":"number","description":"Maximum CPU units for standalone VMs.","description_kind":"markdown","computed":true},"quota_vm_ram_size":{"type":"number","description":"Maximum RAM size in GBs for standalone VMs.","description_kind":"markdown","computed":true},"quota_vm_volume_size":{"type":"number","description":"Maximum volume size in GBs for standalone VMs.","description_kind":"markdown","computed":true},"server_bastion":{"type":["set",["object",{"created_by":"string","disk_size":"number","flavor":"string","id":"string","ip":"string","last_modified":"string","last_modified_by":"string","name":"string","status":"string"}]],"description":"Bastion server.","description_kind":"markdown","computed":true},"server_kubemaster":{"type":["set",["object",{"created_by":"string","disk_size":"number","flavor":"string","id":"string","ip":"string","kubernetes_node_label":["set",["object",{"key":"string","value":"string"}]],"last_modified":"string","last_modified_by":"string","name":"string","status":"string"}]],"description":"Kubemaster server.","description_kind":"markdown","computed":true},"server_kubeworker":{"type":["set",["object",{"created_by":"string","disk_size":"number","flavor":"string","id":"string","ip":"string","kubernetes_node_label":["set",["object",{"key":"string","value":"string"}]],"last_modified":"string","last_modified_by":"string","name":"string","status":"string"}]],"description":"Kubeworker server.","description_kind":"markdown","computed":true},"vm":{"type":["list",["object",{"access_ip":"string","cloud_init":"string","created_by":"string","disk":["list",["object",{"device_name":"string","id":"string","lun_id":"number","name":"string","size":"number","volume_type":"string"}]],"flavor":"string","id":"string","image_id":"string","image_name":"string","ip":"string","last_modified":"string","last_modified_by":"string","name":"string","public_ip":"bool","standalone_profile_id":"string","status":"string","tag":["set",["object",{"key":"string","value":"string"}]],"username":"string","volume_size":"number","volume_type":"string"}]],"description":"Virtual machines.","description_kind":"markdown","computed":true}},"description":"Retrieve a project by its ID.","description_kind":"markdown"}},"taikun_projects":{"version":0,"block":{"attributes":{"id":{"type":"string","description_kind":"plain","optional":true,"computed":true},"organization_id":{"type":"string","description":"Organization ID filter.","description_kind":"markdown","optional":true},"projects":{"type":["list",["object",{"access_ip":"string","access_profile_id":"string","alerting_profile_id":"string","alerting_profile_name":"string","auto_upgrade":"bool","backup_credential_id":"string","cloud_credential_id":"string","delete_on_expiration":"bool","expiration_date":"string","flavors":["set","string"],"id":"string","images":["set","string"],"kubernetes_profile_id":"string","kubernetes_version":"string","lock":"bool","monitoring":"bool","name":"string","organization_id":"string","policy_profile_id":"string","quota_cpu_units":"number","quota_disk_size":"number","quota_ram_size":"number","quota_vm_cpu_units":"number","quota_vm_ram_size":"number","quota_vm_volume_size":"number","server_bastion":["set",["object",{"created_by":"string","disk_size":"number","flavor":"string","id":"string","ip":"string","last_modified":"string","last_modified_by":"string","name":"string","status":"string"}]],"server_kubemaster":["set",["object",{"created_by":"string","disk_size":"number","flavor":"string","id":"string","ip":"string","kubernetes_node_label":["set",["object",{"key":"string","value":"string"}]],"last_modified":"string","last_modified_by":"string","name":"string","status":"string"}]],"server_kubeworker":["set",["object",{"created_by":"string","disk_size":"number","flavor":"string","id":"string","ip":"string","kubernetes_node_label":["set",["object",{"key":"string","value":"string"}]],"last_modified":"string","last_modified_by":"string","name":"string","status":"string"}]],"vm":["list",["object",{"access_ip":"string","cloud_init":"string","created_by":"string","disk":["list",["object",{"device_name":"string","id":"string","lun_id":"number","name":"string","size":"number","volume_type":"string"}]],"flavor":"string","id":"string","image_id":"string","image_name":"string","ip":"string","last_modified":"string","last_modified_by":"string","name":"string","public_ip":"bool","standalone_profile_id":"string","status":"string","tag":["set",["object",{"key":"string","value":"string"}]],"username":"string","volume_size":"number","volume_type":"string"}]]}]],"description":"List of retrieved projects.","description_kind":"markdown","computed":true}},"description":"Retrieve all projects.","description_kind":"markdown"}},"taikun_showback_credential":{"version":0,"block":{"attributes":{"created_by":{"type":"string","description":"The creator of the showback credential.","description_kind":"markdown","computed":true},"id":{"type":"string","description":"The ID of the showback credential.","description_kind":"markdown","required":true},"last_modified":{"type":"string","description":"Time of last modification.","description_kind":"markdown","computed":true},"last_modified_by":{"type":"string","description":"The last user who modified the showback credential.","description_kind":"markdown","computed":true},"lock":{"type":"bool","description":"Indicates whether to lock the showback credential.","description_kind":"markdown","computed":true},"name":{"type":"string","description":"The name of the showback credential.","description_kind":"markdown","computed":true},"organization_id":{"type":"string","description":"The ID of the organization which owns the showback credential.","description_kind":"markdown","computed":true},"organization_name":{"type":"string","description":"The name of the organization which owns the showback credential.","description_kind":"markdown","computed":true},"password":{"type":"string","description":"The Prometheus password or other credential.","description_kind":"markdown","computed":true,"sensitive":true},"url":{"type":"string","description":"URL of the source.","description_kind":"markdown","computed":true},"username":{"type":"string","description":"The Prometheus username or other credential.","description_kind":"markdown","computed":true}},"description":"Get a showback credential by its ID.","description_kind":"markdown"}},"taikun_showback_credentials":{"version":0,"block":{"attributes":{"id":{"type":"string","description_kind":"plain","optional":true,"computed":true},"organization_id":{"type":"string","description":"Organization ID filter.","description_kind":"markdown","optional":true},"showback_credentials":{"type":["list",["object",{"created_by":"string","id":"string","last_modified":"string","last_modified_by":"string","lock":"bool","name":"string","organization_id":"string","organization_name":"string","password":"string","url":"string","username":"string"}]],"description":"List of retrieved showback credentials.","description_kind":"markdown","computed":true}},"description":"Retrieve all showback credentials.","description_kind":"markdown"}},"taikun_showback_rule":{"version":0,"block":{"attributes":{"created_by":{"type":"string","description":"The creator of the showback rule.","description_kind":"markdown","computed":true},"global_alert_limit":{"type":"number","description":"Set limit of alerts for all projects.","description_kind":"markdown","computed":true},"id":{"type":"string","description":"The ID of the showback rule.","description_kind":"markdown","required":true},"kind":{"type":"string","description":"The kind of showback rule: `General` (data source is Taikun) or `External` (data source is external, see `showback_credential_id`).","description_kind":"markdown","computed":true},"label":{"type":["set",["object",{"key":"string","value":"string"}]],"description":"Labels linked to this showback rule.","description_kind":"markdown","computed":true},"last_modified":{"type":"string","description":"Time of last modification.","description_kind":"markdown","computed":true},"last_modified_by":{"type":"string","description":"The last user who modified the showback rule.","description_kind":"markdown","computed":true},"metric_name":{"type":"string","description":"The metric name.","description_kind":"markdown","computed":true},"name":{"type":"string","description":"The name of the showback rule.","description_kind":"markdown","computed":true},"organization_id":{"type":"string","description":"The ID of the organization which owns the showback rule.","description_kind":"markdown","computed":true},"organization_name":{"type":"string","description":"The name of the organization which owns the showback rule.","description_kind":"markdown","computed":true},"price":{"type":"number","description":"Billing in CZK per selected unit.","description_kind":"markdown","computed":true},"project_alert_limit":{"type":"number","description":"Set limit of alerts for one project.","description_kind":"markdown","computed":true},"showback_credential_id":{"type":"string","description":"ID of the showback credential.","description_kind":"markdown","computed":true},"showback_credential_name":{"type":"string","description":"Name of the showback credential.","description_kind":"markdown","computed":true},"type":{"type":"string","description":"The type of showback rule: `Count` (calculate package as unit) or `Sum` (calculate per quantity).","description_kind":"markdown","computed":true}},"description":"Get a showback rule by its ID.","description_kind":"markdown"}},"taikun_showback_rules":{"version":0,"block":{"attributes":{"id":{"type":"string","description_kind":"plain","optional":true,"computed":true},"organization_id":{"type":"string","description":"Organization ID filter.","description_kind":"markdown","optional":true},"showback_rules":{"type":["list",["object",{"created_by":"string","global_alert_limit":"number","id":"string","kind":"string","label":["set",["object",{"key":"string","value":"string"}]],"last_modified":"string","last_modified_by":"string","metric_name":"string","name":"string","organization_id":"string","organization_name":"string","price":"number","project_alert_limit":"number","showback_credential_id":"string","showback_credential_name":"string","type":"string"}]],"description":"List of retrieved showback rules.","description_kind":"markdown","computed":true}},"description":"Retrieve all showback rules.","description_kind":"markdown"}},"taikun_slack_configuration":{"version":0,"block":{"attributes":{"channel":{"type":"string","description":"Slack channel for notifications.","description_kind":"markdown","computed":true},"id":{"type":"string","description":"The Slack configuration's ID.","description_kind":"markdown","required":true},"name":{"type":"string","description":"The Slack configuration's name.","description_kind":"markdown","computed":true},"organization_id":{"type":"string","description":"The ID of the organization which owns the Slack configuration.","description_kind":"markdown","computed":true},"organization_name":{"type":"string","description":"The name of the organization which owns the Slack configuration.","description_kind":"markdown","computed":true},"type":{"type":"string","description":"The type of notifications to receive: `Alert` (only alert-type notifications) or `General` (all notifications).","description_kind":"markdown","computed":true},"url":{"type":"string","description":"Webhook URL from Slack app.","description_kind":"markdown","computed":true}},"description":"Get a Slack configuration by its ID.","description_kind":"markdown"}},"taikun_slack_configurations":{"version":0,"block":{"attributes":{"id":{"type":"string","description_kind":"plain","optional":true,"computed":true},"organization_id":{"type":"string","description":"Organization ID filter.","description_kind":"markdown","optional":true},"slack_configurations":{"type":["list",["object",{"channel":"string","id":"string","name":"string","organization_id":"string","organization_name":"string","type":"string","url":"string"}]],"description":"List of retrieved Slack configurations.","description_kind":"markdown","computed":true}},"description":"Retrieve all Slack configurations.","description_kind":"markdown"}},"taikun_standalone_profile":{"version":0,"block":{"attributes":{"id":{"type":"string","description":"The ID of the standalone profile.","description_kind":"markdown","required":true},"lock":{"type":"bool","description":"Indicates whether to lock the standalone profile.","description_kind":"markdown","computed":true},"name":{"type":"string","description":"The name of the standalone profile.","description_kind":"markdown","computed":true},"organization_id":{"type":"string","description":"The ID of the organization which owns the standalone profile.","description_kind":"markdown","computed":true},"organization_name":{"type":"string","description":"The name of the organization which owns the standalone profile.","description_kind":"markdown","computed":true},"public_key":{"type":"string","description":"The public key of the standalone profile.","description_kind":"markdown","computed":true},"security_group":{"type":["list",["object",{"cidr":"string","from_port":"number","id":"string","ip_protocol":"string","name":"string","to_port":"number"}]],"description":"List of security groups.","description_kind":"markdown","computed":true}},"description":"Get a standalone profile by its ID.","description_kind":"markdown"}},"taikun_standalone_profiles":{"version":0,"block":{"attributes":{"id":{"type":"string","description_kind":"plain","optional":true,"computed":true},"organization_id":{"type":"string","description":"Organization ID filter.","description_kind":"markdown","optional":true},"standalone_profiles":{"type":["list",["object",{"id":"string","lock":"bool","name":"string","organization_id":"string","organization_name":"string","public_key":"string","security_group":["list",["object",{"cidr":"string","from_port":"number","id":"string","ip_protocol":"string","name":"string","to_port":"number"}]]}]],"description":"List of retrieved standalone profiles.","description_kind":"markdown","computed":true}},"description":"Retrieve all standalone profiles.","description_kind":"markdown"}},"taikun_user":{"version":0,"block":{"attributes":{"display_name":{"type":"string","description":"The user's display name.","description_kind":"markdown","computed":true},"email":{"type":"string","description":"The email of the user.","description_kind":"markdown","computed":true},"email_confirmed":{"type":"bool","description":"Indicates whether the email of the user has been confirmed.","description_kind":"markdown","computed":true},"email_notification_enabled":{"type":"bool","description":"Indicates whether the user has enabled notifications on their email.","description_kind":"markdown","computed":true},"id":{"type":"string","description":"The UUID of the user.","description_kind":"markdown","required":true},"is_approved_by_partner":{"type":"bool","description":"Indicates whether the user account is approved by its Partner. If it isn't, the user won't be able to login.","description_kind":"markdown","computed":true},"is_csm":{"type":"bool","description":"Indicates whether the user is a Customer Success Manager.","description_kind":"markdown","computed":true},"is_disabled":{"type":"bool","description":"Indicates whether the user is locked.","description_kind":"markdown","computed":true},"is_owner":{"type":"bool","description":"Indicates whether the user is the Owner of their organization.","description_kind":"markdown","computed":true},"organization_id":{"type":"string","description":"The ID of the user's organization.","description_kind":"markdown","computed":true},"organization_name":{"type":"string","description":"The name of the user's organization.","description_kind":"markdown","computed":true},"role":{"type":"string","description":"The role of the user: `Manager` or `User`.","description_kind":"markdown","computed":true},"user_name":{"type":"string","description":"The name of the user.","description_kind":"markdown","computed":true}},"description":"Get a user by its ID.","description_kind":"markdown"}},"taikun_users":{"version":0,"block":{"attributes":{"id":{"type":"string","description_kind":"plain","optional":true,"computed":true},"organization_id":{"type":"string","description":"Organization ID filter.","description_kind":"markdown","optional":true},"users":{"type":["list",["object",{"display_name":"string","email":"string","email_confirmed":"bool","email_notification_enabled":"bool","id":"string","is_approved_by_partner":"bool","is_csm":"bool","is_disabled":"bool","is_owner":"bool","organization_id":"string","organization_name":"string","role":"string","user_name":"string"}]],"description":"List of retrieved users.","description_kind":"markdown","computed":true}},"description":"Retrieve all users.","description_kind":"markdown"}}}}}}
